
Microsoft Visual Studio Solution File, Format Version 12.00
# Visual Studio Version 16
VisualStudioVersion = 16.0.30907.101
MinimumVisualStudioVersion = 10.0.40219.1
Project("{9A19103F-16F7-4668-BE54-9A1E7A4F7556}") = "Wenote.Core", "Wenote.Core\Wenote.Core.csproj", "{7C217F47-A391-4C4D-8E0A-8FF032FB491C}"
EndProject
Project("{9A19103F-16F7-4668-BE54-9A1E7A4F7556}") = "Wenote", "Wenote\Wenote.csproj", "{14E4CB58-986B-455B-AC2E-033AFC3EA36E}"
EndProject
Project("{9A19103F-16F7-4668-BE54-9A1E7A4F7556}") = "Wenote.Core.Test", "Wenote.Core.Test\Wenote.Core.Test.csproj", "{F18C571B-4571-47FB-876B-4516E75E9930}"
EndProject
Global
	GlobalSection(SolutionConfigurationPlatforms) = preSolution
		Debug|Any CPU = Debug|Any CPU
		Release|Any CPU = Release|Any CPU
	EndGlobalSection
	GlobalSection(ProjectConfigurationPlatforms) = postSolution
		{7C217F47-A391-4C4D-8E0A-8FF032FB491C}.Debug|Any CPU.ActiveCfg = Debug|Any CPU
		{7C217F47-A391-4C4D-8E0A-8FF032FB491C}.Debug|Any CPU.Build.0 = Debug|Any CPU
		{7C217F47-A391-4C4D-8E0A-8FF032FB491C}.Release|Any CPU.ActiveCfg = Release|Any CPU
		{7C217F47-A391-4C4D-8E0A-8FF032FB491C}.Release|Any CPU.Build.0 = Release|Any CPU
		{14E4CB58-986B-455B-AC2E-033AFC3EA36E}.Debug|Any CPU.ActiveCfg = Debug|Any CPU
		{14E4CB58-986B-455B-AC2E-033AFC3EA36E}.Debug|Any CPU.Build.0 = Debug|Any CPU
		{14E4CB58-986B-455B-AC2E-033AFC3EA36E}.Release|Any CPU.ActiveCfg = Release|Any CPU
		{14E4CB58-986B-455B-AC2E-033AFC3EA36E}.Release|Any CPU.Build.0 = Release|Any CPU
		{F18C571B-4571-47FB-876B-4516E75E9930}.Debug|Any CPU.ActiveCfg = Debug|Any CPU
		{F18C571B-4571-47FB-876B-4516E75E9930}.Debug|Any CPU.Build.0 = Debug|Any CPU
		{F18C571B-4571-47FB-876B-4516E75E9930}.Release|Any CPU.ActiveCfg = Release|Any CPU
	EndGlobalSection
	GlobalSection(SolutionProperties) = preSolution
		HideSolutionNode = FALSE
	EndGlobalSection
	GlobalSection(ExtensibilityGlobals) = postSolution
		SolutionGuid = {96A10102-7623-46E3-88AE-477C177987D4}
	EndGlobalSection
EndGlobal
